# This file was autogenerated by Stack.
# You should not edit this file by hand.
# For more information, please see the documentation at:
#   https://docs.haskellstack.org/en/stable/topics/lock_files

packages:
- completed:
    hackage: tasty-html-0.4.1.4@sha256:18ed7c6fb79e38348e3512d90ef4b5a852a39b1d3a3a2328ac5c3f23647a6f82,1234
    pantry-tree:
      sha256: 776b04064269bd758e9806810d34fcd1a9952e36dfe36192bf45efa93c1f5f0a
      size: 609
  original:
    hackage: tasty-html-0.4.1.4@sha256:18ed7c6fb79e38348e3512d90ef4b5a852a39b1d3a3a2328ac5c3f23647a6f82,1234
snapshots:
- completed:
    sha256: 5a59b2a405b3aba3c00188453be172b85893cab8ebc352b1ef58b0eae5d248a2
    size: 650475
    url: https://raw.githubusercontent.com/commercialhaskell/stackage-snapshots/master/lts/20/26.yaml
  original: lts-20.26
